// !$*UTF8*$!
{
	archiveVersion = 1;
	classes = {
	};
	objectVersion = 55;
	objects = {

/* Begin PBXBuildFile section */
		CA50C762292E05BC0083BC22 /* AppDelegate.swift in Sources */ = {isa = PBXBuildFile; fileRef = CA50C761292E05BC0083BC22 /* AppDelegate.swift */; };
		CA50C764292E05BC0083BC22 /* SceneDelegate.swift in Sources */ = {isa = PBXBuildFile; fileRef = CA50C763292E05BC0083BC22 /* SceneDelegate.swift */; };
		CA50C76B292E05C20083BC22 /* Assets.xcassets in Resources */ = {isa = PBXBuildFile; fileRef = CA50C76A292E05C20083BC22 /* Assets.xcassets */; };
		CA50C76E292E05C20083BC22 /* LaunchScreen.storyboard in Resources */ = {isa = PBXBuildFile; fileRef = CA50C76C292E05C20083BC22 /* LaunchScreen.storyboard */; };
		CA50C77B292F21090083BC22 /* JokeModel.swift in Sources */ = {isa = PBXBuildFile; fileRef = CA50C77A292F21090083BC22 /* JokeModel.swift */; };
		CA50C780292F281B0083BC22 /* WebService.swift in Sources */ = {isa = PBXBuildFile; fileRef = CA50C77F292F281B0083BC22 /* WebService.swift */; };
		CA50C784292F8BAC0083BC22 /* JokeViewModel.swift in Sources */ = {isa = PBXBuildFile; fileRef = CA50C783292F8BAC0083BC22 /* JokeViewModel.swift */; };
		CA50C78629306E2B0083BC22 /* Observable.swift in Sources */ = {isa = PBXBuildFile; fileRef = CA50C78529306E2B0083BC22 /* Observable.swift */; };
		CA7EB1492931D55900565C15 /* CustomButton.swift in Sources */ = {isa = PBXBuildFile; fileRef = CA7EB1482931D55900565C15 /* CustomButton.swift */; };
		CA7EB14B2931EEFD00565C15 /* ListViewController.swift in Sources */ = {isa = PBXBuildFile; fileRef = CA7EB14A2931EEFD00565C15 /* ListViewController.swift */; };
		CA7EB14E29347F0600565C15 /* JokeData.xcdatamodeld in Sources */ = {isa = PBXBuildFile; fileRef = CA7EB14C29347F0600565C15 /* JokeData.xcdatamodeld */; };
		CA7EB18629349D8300565C15 /* ViewController.swift in Sources */ = {isa = PBXBuildFile; fileRef = CA7EB18529349D8300565C15 /* ViewController.swift */; };
		CA7EB1912934A90A00565C15 /* Constants.swift in Sources */ = {isa = PBXBuildFile; fileRef = CA7EB1902934A90A00565C15 /* Constants.swift */; };
		CA7EB1942934CBA300565C15 /* JokeListItem+CoreDataClass.swift in Sources */ = {isa = PBXBuildFile; fileRef = CA7EB1922934CBA300565C15 /* JokeListItem+CoreDataClass.swift */; };
		CA7EB1952934CBA300565C15 /* JokeListItem+CoreDataProperties.swift in Sources */ = {isa = PBXBuildFile; fileRef = CA7EB1932934CBA300565C15 /* JokeListItem+CoreDataProperties.swift */; };
/* End PBXBuildFile section */

/* Begin PBXFileReference section */
		CA50C75E292E05BC0083BC22 /* JokeApp.app */ = {isa = PBXFileReference; explicitFileType = wrapper.application; includeInIndex = 0; path = JokeApp.app; sourceTree = BUILT_PRODUCTS_DIR; };
		CA50C761292E05BC0083BC22 /* AppDelegate.swift */ = {isa = PBXFileReference; lastKnownFileType = sourcecode.swift; path = AppDelegate.swift; sourceTree = "<group>"; };
		CA50C763292E05BC0083BC22 /* SceneDelegate.swift */ = {isa = PBXFileReference; lastKnownFileType = sourcecode.swift; path = SceneDelegate.swift; sourceTree = "<group>"; };
		CA50C76A292E05C20083BC22 /* Assets.xcassets */ = {isa = PBXFileReference; lastKnownFileType = folder.assetcatalog; path = Assets.xcassets; sourceTree = "<group>"; };
		CA50C76D292E05C20083BC22 /* Base */ = {isa = PBXFileReference; lastKnownFileType = file.storyboard; name = Base; path = Base.lproj/LaunchScreen.storyboard; sourceTree = "<group>"; };
		CA50C76F292E05C20083BC22 /* Info.plist */ = {isa = PBXFileReference; lastKnownFileType = text.plist.xml; path = Info.plist; sourceTree = "<group>"; };
		CA50C77A292F21090083BC22 /* JokeModel.swift */ = {isa = PBXFileReference; lastKnownFileType = sourcecode.swift; path = JokeModel.swift; sourceTree = "<group>"; };
		CA50C77F292F281B0083BC22 /* WebService.swift */ = {isa = PBXFileReference; lastKnownFileType = sourcecode.swift; path = WebService.swift; sourceTree = "<group>"; };
		CA50C783292F8BAC0083BC22 /* JokeViewModel.swift */ = {isa = PBXFileReference; lastKnownFileType = sourcecode.swift; path = JokeViewModel.swift; sourceTree = "<group>"; };
		CA50C78529306E2B0083BC22 /* Observable.swift */ = {isa = PBXFileReference; lastKnownFileType = sourcecode.swift; path = Observable.swift; sourceTree = "<group>"; };
		CA7EB1482931D55900565C15 /* CustomButton.swift */ = {isa = PBXFileReference; lastKnownFileType = sourcecode.swift; path = CustomButton.swift; sourceTree = "<group>"; };
		CA7EB14A2931EEFD00565C15 /* ListViewController.swift */ = {isa = PBXFileReference; lastKnownFileType = sourcecode.swift; path = ListViewController.swift; sourceTree = "<group>"; };
		CA7EB14D29347F0600565C15 /* JokeData.xcdatamodel */ = {isa = PBXFileReference; lastKnownFileType = wrapper.xcdatamodel; path = JokeData.xcdatamodel; sourceTree = "<group>"; };
		CA7EB18529349D8300565C15 /* ViewController.swift */ = {isa = PBXFileReference; fileEncoding = 4; lastKnownFileType = sourcecode.swift; path = ViewController.swift; sourceTree = "<group>"; };
		CA7EB1902934A90A00565C15 /* Constants.swift */ = {isa = PBXFileReference; lastKnownFileType = sourcecode.swift; path = Constants.swift; sourceTree = "<group>"; };
		CA7EB1922934CBA300565C15 /* JokeListItem+CoreDataClass.swift */ = {isa = PBXFileReference; lastKnownFileType = sourcecode.swift; path = "JokeListItem+CoreDataClass.swift"; sourceTree = "<group>"; };
		CA7EB1932934CBA300565C15 /* JokeListItem+CoreDataProperties.swift */ = {isa = PBXFileReference; lastKnownFileType = sourcecode.swift; path = "JokeListItem+CoreDataProperties.swift"; sourceTree = "<group>"; };
/* End PBXFileReference section */

/* Begin PBXFrameworksBuildPhase section */
		CA50C75B292E05BC0083BC22 /* Frameworks */ = {
			isa = PBXFrameworksBuildPhase;
			buildActionMask = 2147483647;
			files = (
			);
			runOnlyForDeploymentPostprocessing = 0;
		};
/* End PBXFrameworksBuildPhase section */

/* Begin PBXGroup section */
		CA50C755292E05BC0083BC22 = {
			isa = PBXGroup;
			children = (
				CA50C760292E05BC0083BC22 /* JokeApp */,
				CA50C75F292E05BC0083BC22 /* Products */,
			);
			sourceTree = "<group>";
		};
		CA50C75F292E05BC0083BC22 /* Products */ = {
			isa = PBXGroup;
			children = (
				CA50C75E292E05BC0083BC22 /* JokeApp.app */,
			);
			name = Products;
			sourceTree = "<group>";
		};
		CA50C760292E05BC0083BC22 /* JokeApp */ = {
			isa = PBXGroup;
			children = (
				CA7EB18B29349ECC00565C15 /* JokeListItem */,
				CA50C779292F20B50083BC22 /* View Model */,
				CA50C778292F20AF0083BC22 /* View */,
				CA50C777292F20AA0083BC22 /* Model */,
				CA50C761292E05BC0083BC22 /* AppDelegate.swift */,
				CA50C763292E05BC0083BC22 /* SceneDelegate.swift */,
				CA50C76A292E05C20083BC22 /* Assets.xcassets */,
				CA50C76C292E05C20083BC22 /* LaunchScreen.storyboard */,
				CA50C76F292E05C20083BC22 /* Info.plist */,
				CA7EB1902934A90A00565C15 /* Constants.swift */,
				CA50C77F292F281B0083BC22 /* WebService.swift */,
				CA50C78529306E2B0083BC22 /* Observable.swift */,
				CA7EB14C29347F0600565C15 /* JokeData.xcdatamodeld */,
			);
			path = JokeApp;
			sourceTree = "<group>";
		};
		CA50C777292F20AA0083BC22 /* Model */ = {
			isa = PBXGroup;
			children = (
				CA50C77A292F21090083BC22 /* JokeModel.swift */,
			);
			path = Model;
			sourceTree = "<group>";
		};
		CA50C778292F20AF0083BC22 /* View */ = {
			isa = PBXGroup;
			children = (
				CA7EB18529349D8300565C15 /* ViewController.swift */,
				CA7EB14A2931EEFD00565C15 /* ListViewController.swift */,
				CA7EB1472931D53700565C15 /* SubViews */,
			);
			path = View;
			sourceTree = "<group>";
		};
		CA50C779292F20B50083BC22 /* View Model */ = {
			isa = PBXGroup;
			children = (
				CA50C783292F8BAC0083BC22 /* JokeViewModel.swift */,
			);
			path = "View Model";
			sourceTree = "<group>";
		};
		CA7EB1472931D53700565C15 /* SubViews */ = {
			isa = PBXGroup;
			children = (
				CA7EB1482931D55900565C15 /* CustomButton.swift */,
			);
			path = SubViews;
			sourceTree = "<group>";
		};
		CA7EB18B29349ECC00565C15 /* JokeListItem */ = {
			isa = PBXGroup;
			children = (
				CA7EB1922934CBA300565C15 /* JokeListItem+CoreDataClass.swift */,
				CA7EB1932934CBA300565C15 /* JokeListItem+CoreDataProperties.swift */,
			);
			path = JokeListItem;
			sourceTree = "<group>";
		};
/* End PBXGroup section */

/* Begin PBXNativeTarget section */
		CA50C75D292E05BC0083BC22 /* JokeApp */ = {
			isa = PBXNativeTarget;
			buildConfigurationList = CA50C772292E05C20083BC22 /* Build configuration list for PBXNativeTarget "JokeApp" */;
			buildPhases = (
				CA50C75A292E05BC0083BC22 /* Sources */,
				CA50C75B292E05BC0083BC22 /* Frameworks */,
				CA50C75C292E05BC0083BC22 /* Resources */,
			);
			buildRules = (
			);
			dependencies = (
			);
			name = JokeApp;
			productName = JokeApp;
			productReference = CA50C75E292E05BC0083BC22 /* JokeApp.app */;
			productType = "com.apple.product-type.application";
		};
/* End PBXNativeTarget section */

/* Begin PBXProject section */
		CA50C756292E05BC0083BC22 /* Project object */ = {
			isa = PBXProject;
			attributes = {
				BuildIndependentTargetsInParallel = 1;
				LastSwiftUpdateCheck = 1340;
				LastUpgradeCheck = 1340;
				TargetAttributes = {
					CA50C75D292E05BC0083BC22 = {
						CreatedOnToolsVersion = 13.4.1;
					};
				};
			};
			buildConfigurationList = CA50C759292E05BC0083BC22 /* Build configuration list for PBXProject "JokeApp" */;
			compatibilityVersion = "Xcode 13.0";
			developmentRegion = en;
			hasScannedForEncodings = 0;
			knownRegions = (
				en,
				Base,
			);
			mainGroup = CA50C755292E05BC0083BC22;
			productRefGroup = CA50C75F292E05BC0083BC22 /* Products */;
			projectDirPath = "";
			projectRoot = "";
			targets = (
				CA50C75D292E05BC0083BC22 /* JokeApp */,
			);
		};
/* End PBXProject section */

/* Begin PBXResourcesBuildPhase section */
		CA50C75C292E05BC0083BC22 /* Resources */ = {
			isa = PBXResourcesBuildPhase;
			buildActionMask = 2147483647;
			files = (
				CA50C76E292E05C20083BC22 /* LaunchScreen.storyboard in Resources */,
				CA50C76B292E05C20083BC22 /* Assets.xcassets in Resources */,
			);
			runOnlyForDeploymentPostprocessing = 0;
		};
/* End PBXResourcesBuildPhase section */

/* Begin PBXSourcesBuildPhase section */
		CA50C75A292E05BC0083BC22 /* Sources */ = {
			isa = PBXSourcesBuildPhase;
			buildActionMask = 2147483647;
			files = (
				CA7EB18629349D8300565C15 /* ViewController.swift in Sources */,
				CA50C780292F281B0083BC22 /* WebService.swift in Sources */,
				CA7EB1942934CBA300565C15 /* JokeListItem+CoreDataClass.swift in Sources */,
				CA50C784292F8BAC0083BC22 /* JokeViewModel.swift in Sources */,
				CA50C77B292F21090083BC22 /* JokeModel.swift in Sources */,
				CA50C78629306E2B0083BC22 /* Observable.swift in Sources */,
				CA7EB1912934A90A00565C15 /* Constants.swift in Sources */,
				CA7EB1952934CBA300565C15 /* JokeListItem+CoreDataProperties.swift in Sources */,
				CA7EB1492931D55900565C15 /* CustomButton.swift in Sources */,
				CA7EB14B2931EEFD00565C15 /* ListViewController.swift in Sources */,
				CA50C762292E05BC0083BC22 /* AppDelegate.swift in Sources */,
				CA7EB14E29347F0600565C15 /* JokeData.xcdatamodeld in Sources */,
				CA50C764292E05BC0083BC22 /* SceneDelegate.swift in Sources */,
			);
			runOnlyForDeploymentPostprocessing = 0;
		};
/* End PBXSourcesBuildPhase section */

/* Begin PBXVariantGroup section */
		CA50C76C292E05C20083BC22 /* LaunchScreen.storyboard */ = {
			isa = PBXVariantGroup;
			children = (
				CA50C76D292E05C20083BC22 /* Base */,
			);
			name = LaunchScreen.storyboard;
			sourceTree = "<group>";
		};
/* End PBXVariantGroup section */

/* Begin XCBuildConfiguration section */
		CA50C770292E05C20083BC22 /* Debug */ = {
			isa = XCBuildConfiguration;
			buildSettings = {
				ALWAYS_SEARCH_USER_PATHS = NO;
				CLANG_ANALYZER_NONNULL = YES;
				CLANG_ANALYZER_NUMBER_OBJECT_CONVERSION = YES_AGGRESSIVE;
				CLANG_CXX_LANGUAGE_STANDARD = "gnu++17";
				CLANG_ENABLE_MODULES = YES;
				CLANG_ENABLE_OBJC_ARC = YES;
				CLANG_ENABLE_OBJC_WEAK = YES;
				CLANG_WARN_BLOCK_CAPTURE_AUTORELEASING = YES;
				CLANG_WARN_BOOL_CONVERSION = YES;
				CLANG_WARN_COMMA = YES;
				CLANG_WARN_CONSTANT_CONVERSION = YES;
				CLANG_WARN_DEPRECATED_OBJC_IMPLEMENTATIONS = YES;
				CLANG_WARN_DIRECT_OBJC_ISA_USAGE = YES_ERROR;
				CLANG_WARN_DOCUMENTATION_COMMENTS = YES;
				CLANG_WARN_EMPTY_BODY = YES;
				CLANG_WARN_ENUM_CONVERSION = YES;
				CLANG_WARN_INFINITE_RECURSION = YES;
				CLANG_WARN_INT_CONVERSION = YES;
				CLANG_WARN_NON_LITERAL_NULL_CONVERSION = YES;
				CLANG_WARN_OBJC_IMPLICIT_RETAIN_SELF = YES;
				CLANG_WARN_OBJC_LITERAL_CONVERSION = YES;
				CLANG_WARN_OBJC_ROOT_CLASS = YES_ERROR;
				CLANG_WARN_QUOTED_INCLUDE_IN_FRAMEWORK_HEADER = YES;
				CLANG_WARN_RANGE_LOOP_ANALYSIS = YES;
				CLANG_WARN_STRICT_PROTOTYPES = YES;
				CLANG_WARN_SUSPICIOUS_MOVE = YES;
				CLANG_WARN_UNGUARDED_AVAILABILITY = YES_AGGRESSIVE;
				CLANG_WARN_UNREACHABLE_CODE = YES;
				CLANG_WARN__DUPLICATE_METHOD_MATCH = YES;
				COPY_PHASE_STRIP = NO;
				DEBUG_INFORMATION_FORMAT = dwarf;
				ENABLE_STRICT_OBJC_MSGSEND = YES;
				ENABLE_TESTABILITY = YES;
				GCC_C_LANGUAGE_STANDARD = gnu11;
				GCC_DYNAMIC_NO_PIC = NO;
				GCC_NO_COMMON_BLOCKS = YES;
				GCC_OPTIMIZATION_LEVEL = 0;
				GCC_PREPROCESSOR_DEFINITIONS = (
					"DEBUG=1",
					"$(inherited)",
				);
				GCC_WARN_64_TO_32_BIT_CONVERSION = YES;
				GCC_WARN_ABOUT_RETURN_TYPE = YES_ERROR;
				GCC_WARN_UNDECLARED_SELECTOR = YES;
				GCC_WARN_UNINITIALIZED_AUTOS = YES_AGGRESSIVE;
				GCC_WARN_UNUSED_FUNCTION = YES;
				GCC_WARN_UNUSED_VARIABLE = YES;
				IPHONEOS_DEPLOYMENT_TARGET = 15.5;
				MTL_ENABLE_DEBUG_INFO = INCLUDE_SOURCE;
				MTL_FAST_MATH = YES;
				ONLY_ACTIVE_ARCH = YES;
				SDKROOT = iphoneos;
				SWIFT_ACTIVE_COMPILATION_CONDITIONS = DEBUG;
				SWIFT_OPTIMIZATION_LEVEL = "-Onone";
			};
			name = Debug;
		};
		CA50C771292E05C20083BC22 /* Release */ = {
			isa = XCBuildConfiguration;
			buildSettings = {
				ALWAYS_SEARCH_USER_PATHS = NO;
				CLANG_ANALYZER_NONNULL = YES;
				CLANG_ANALYZER_NUMBER_OBJECT_CONVERSION = YES_AGGRESSIVE;
				CLANG_CXX_LANGUAGE_STANDARD = "gnu++17";
				CLANG_ENABLE_MODULES = YES;
				CLANG_ENABLE_OBJC_ARC = YES;
				CLANG_ENABLE_OBJC_WEAK = YES;
				CLANG_WARN_BLOCK_CAPTURE_AUTORELEASING = YES;
				CLANG_WARN_BOOL_CONVERSION = YES;
				CLANG_WARN_COMMA = YES;
				CLANG_WARN_CONSTANT_CONVERSION = YES;
				CLANG_WARN_DEPRECATED_OBJC_IMPLEMENTATIONS = YES;
				CLANG_WARN_DIRECT_OBJC_ISA_USAGE = YES_ERROR;
				CLANG_WARN_DOCUMENTATION_COMMENTS = YES;
				CLANG_WARN_EMPTY_BODY = YES;
				CLANG_WARN_ENUM_CONVERSION = YES;
				CLANG_WARN_INFINITE_RECURSION = YES;
				CLANG_WARN_INT_CONVERSION = YES;
				CLANG_WARN_NON_LITERAL_NULL_CONVERSION = YES;
				CLANG_WARN_OBJC_IMPLICIT_RETAIN_SELF = YES;
				CLANG_WARN_OBJC_LITERAL_CONVERSION = YES;
				CLANG_WARN_OBJC_ROOT_CLASS = YES_ERROR;
				CLANG_WARN_QUOTED_INCLUDE_IN_FRAMEWORK_HEADER = YES;
				CLANG_WARN_RANGE_LOOP_ANALYSIS = YES;
				CLANG_WARN_STRICT_PROTOTYPES = YES;
				CLANG_WARN_SUSPICIOUS_MOVE = YES;
				CLANG_WARN_UNGUARDED_AVAILABILITY = YES_AGGRESSIVE;
				CLANG_WARN_UNREACHABLE_CODE = YES;
				CLANG_WARN__DUPLICATE_METHOD_MATCH = YES;
				COPY_PHASE_STRIP = NO;
				DEBUG_INFORMATION_FORMAT = "dwarf-with-dsym";
				ENABLE_NS_ASSERTIONS = NO;
				ENABLE_STRICT_OBJC_MSGSEND = YES;
				GCC_C_LANGUAGE_STANDARD = gnu11;
				GCC_NO_COMMON_BLOCKS = YES;
				GCC_WARN_64_TO_32_BIT_CONVERSION = YES;
				GCC_WARN_ABOUT_RETURN_TYPE = YES_ERROR;
				GCC_WARN_UNDECLARED_SELECTOR = YES;
				GCC_WARN_UNINITIALIZED_AUTOS = YES_AGGRESSIVE;
				GCC_WARN_UNUSED_FUNCTION = YES;
				GCC_WARN_UNUSED_VARIABLE = YES;
				IPHONEOS_DEPLOYMENT_TARGET = 15.5;
				MTL_ENABLE_DEBUG_INFO = NO;
				MTL_FAST_MATH = YES;
				SDKROOT = iphoneos;
				SWIFT_COMPILATION_MODE = wholemodule;
				SWIFT_OPTIMIZATION_LEVEL = "-O";
				VALIDATE_PRODUCT = YES;
			};
			name = Release;
		};
		CA50C773292E05C20083BC22 /* Debug */ = {
			isa = XCBuildConfiguration;
			buildSettings = {
				ASSETCATALOG_COMPILER_APPICON_NAME = AppIcon;
				ASSETCATALOG_COMPILER_GLOBAL_ACCENT_COLOR_NAME = AccentColor;
				CODE_SIGN_STYLE = Automatic;
				CURRENT_PROJECT_VERSION = 1;
				GENERATE_INFOPLIST_FILE = YES;
				INFOPLIST_FILE = JokeApp/Info.plist;
				INFOPLIST_KEY_CFBundleDisplayName = I;
				INFOPLIST_KEY_UIApplicationSupportsIndirectInputEvents = YES;
				INFOPLIST_KEY_UILaunchStoryboardName = LaunchScreen;
				INFOPLIST_KEY_UISupportedInterfaceOrientations = UIInterfaceOrientationPortrait;
				INFOPLIST_KEY_UISupportedInterfaceOrientations_iPad = "UIInterfaceOrientationPortrait UIInterfaceOrientationPortraitUpsideDown UIInterfaceOrientationLandscapeLeft UIInterfaceOrientationLandscapeRight";
				INFOPLIST_KEY_UISupportedInterfaceOrientations_iPhone = "UIInterfaceOrientationPortrait UIInterfaceOrientationLandscapeLeft UIInterfaceOrientationLandscapeRight";
				LD_RUNPATH_SEARCH_PATHS = (
					"$(inherited)",
					"@executable_path/Frameworks",
				);
				MARKETING_VERSION = 1.0;
				PRODUCT_BUNDLE_IDENTIFIER = com.efm.JokeApp;
				PRODUCT_NAME = "$(TARGET_NAME)";
				SWIFT_EMIT_LOC_STRINGS = YES;
				SWIFT_VERSION = 5.0;
				TARGETED_DEVICE_FAMILY = 1;
			};
			name = Debug;
		};
		CA50C774292E05C20083BC22 /* Release */ = {
			isa = XCBuildConfiguration;
			buildSettings = {
				ASSETCATALOG_COMPILER_APPICON_NAME = AppIcon;
				ASSETCATALOG_COMPILER_GLOBAL_ACCENT_COLOR_NAME = AccentColor;
				CODE_SIGN_STYLE = Automatic;
				CURRENT_PROJECT_VERSION = 1;
				GENERATE_INFOPLIST_FILE = YES;
				INFOPLIST_FILE = JokeApp/Info.plist;
				INFOPLIST_KEY_CFBundleDisplayName = I;
				INFOPLIST_KEY_UIApplicationSupportsIndirectInputEvents = YES;
				INFOPLIST_KEY_UILaunchStoryboardName = LaunchScreen;
				INFOPLIST_KEY_UISupportedInterfaceOrientations = UIInterfaceOrientationPortrait;
				INFOPLIST_KEY_UISupportedInterfaceOrientations_iPad = "UIInterfaceOrientationPortrait UIInterfaceOrientationPortraitUpsideDown UIInterfaceOrientationLandscapeLeft UIInterfaceOrientationLandscapeRight";
				INFOPLIST_KEY_UISupportedInterfaceOrientations_iPhone = "UIInterfaceOrientationPortrait UIInterfaceOrientationLandscapeLeft UIInterfaceOrientationLandscapeRight";
				LD_RUNPATH_SEARCH_PATHS = (
					"$(inherited)",
					"@executable_path/Frameworks",
				);
				MARKETING_VERSION = 1.0;
				PRODUCT_BUNDLE_IDENTIFIER = com.efm.JokeApp;
				PRODUCT_NAME = "$(TARGET_NAME)";
				SWIFT_EMIT_LOC_STRINGS = YES;
				SWIFT_VERSION = 5.0;
				TARGETED_DEVICE_FAMILY = 1;
			};
			name = Release;
		};
/* End XCBuildConfiguration section */

/* Begin XCConfigurationList section */
		CA50C759292E05BC0083BC22 /* Build configuration list for PBXProject "JokeApp" */ = {
			isa = XCConfigurationList;
			buildConfigurations = (
				CA50C770292E05C20083BC22 /* Debug */,
				CA50C771292E05C20083BC22 /* Release */,
			);
			defaultConfigurationIsVisible = 0;
			defaultConfigurationName = Release;
		};
		CA50C772292E05C20083BC22 /* Build configuration list for PBXNativeTarget "JokeApp" */ = {
			isa = XCConfigurationList;
			buildConfigurations = (
				CA50C773292E05C20083BC22 /* Debug */,
				CA50C774292E05C20083BC22 /* Release */,
			);
			defaultConfigurationIsVisible = 0;
			defaultConfigurationName = Release;
		};
/* End XCConfigurationList section */

/* Begin XCVersionGroup section */
		CA7EB14C29347F0600565C15 /* JokeData.xcdatamodeld */ = {
			isa = XCVersionGroup;
			children = (
				CA7EB14D29347F0600565C15 /* JokeData.xcdatamodel */,
			);
			currentVersion = CA7EB14D29347F0600565C15 /* JokeData.xcdatamodel */;
			path = JokeData.xcdatamodeld;
			sourceTree = "<group>";
			versionGroupType = wrapper.xcdatamodel;
		};
/* End XCVersionGroup section */
	};
	rootObject = CA50C756292E05BC0083BC22 /* Project object */;
}
